// !$*UTF8*$!
{
	archiveVersion = 1;
	classes = {
	};
	objectVersion = 46;
	objects = {

/* Begin PBXBuildFile section */
		6B7BAFC9192F7A4200DAF5EE /* Foundation.framework in Frameworks */ = {isa = PBXBuildFile; fileRef = 6B7BAFC8192F7A4200DAF5EE /* Foundation.framework */; };
		6B7BAFCB192F7A4200DAF5EE /* CoreGraphics.framework in Frameworks */ = {isa = PBXBuildFile; fileRef = 6B7BAFCA192F7A4200DAF5EE /* CoreGraphics.framework */; };
		6B7BAFCD192F7A4200DAF5EE /* UIKit.framework in Frameworks */ = {isa = PBXBuildFile; fileRef = 6B7BAFCC192F7A4200DAF5EE /* UIKit.framework */; };
		6B7BAFD3192F7A4200DAF5EE /* InfoPlist.strings in Resources */ = {isa = PBXBuildFile; fileRef = 6B7BAFD1192F7A4200DAF5EE /* InfoPlist.strings */; };
		6B7BAFD5192F7A4200DAF5EE /* main.m in Sources */ = {isa = PBXBuildFile; fileRef = 6B7BAFD4192F7A4200DAF5EE /* main.m */; };
		6B7BAFD9192F7A4200DAF5EE /* NPAppDelegate.m in Sources */ = {isa = PBXBuildFile; fileRef = 6B7BAFD8192F7A4200DAF5EE /* NPAppDelegate.m */; };
		6B7BAFDC192F7A4200DAF5EE /* Main.storyboard in Resources */ = {isa = PBXBuildFile; fileRef = 6B7BAFDA192F7A4200DAF5EE /* Main.storyboard */; };
		6B7BAFDF192F7A4200DAF5EE /* NPViewController.m in Sources */ = {isa = PBXBuildFile; fileRef = 6B7BAFDE192F7A4200DAF5EE /* NPViewController.m */; };
		6B7BAFE1192F7A4200DAF5EE /* Images.xcassets in Resources */ = {isa = PBXBuildFile; fileRef = 6B7BAFE0192F7A4200DAF5EE /* Images.xcassets */; };
		6B7BAFE8192F7A4200DAF5EE /* XCTest.framework in Frameworks */ = {isa = PBXBuildFile; fileRef = 6B7BAFE7192F7A4200DAF5EE /* XCTest.framework */; };
		6B7BAFE9192F7A4200DAF5EE /* Foundation.framework in Frameworks */ = {isa = PBXBuildFile; fileRef = 6B7BAFC8192F7A4200DAF5EE /* Foundation.framework */; };
		6B7BAFEA192F7A4200DAF5EE /* UIKit.framework in Frameworks */ = {isa = PBXBuildFile; fileRef = 6B7BAFCC192F7A4200DAF5EE /* UIKit.framework */; };
		6B7BAFF2192F7A4200DAF5EE /* InfoPlist.strings in Resources */ = {isa = PBXBuildFile; fileRef = 6B7BAFF0192F7A4200DAF5EE /* InfoPlist.strings */; };
		6B7BAFF4192F7A4200DAF5EE /* DemoStoryBoardTests.m in Sources */ = {isa = PBXBuildFile; fileRef = 6B7BAFF3192F7A4200DAF5EE /* DemoStoryBoardTests.m */; };
		6B7BAFFF192F806A00DAF5EE /* NPTableViewController.m in Sources */ = {isa = PBXBuildFile; fileRef = 6B7BAFFE192F806A00DAF5EE /* NPTableViewController.m */; };
		6B7BB007192F893E00DAF5EE /* NPUser.m in Sources */ = {isa = PBXBuildFile; fileRef = 6B7BB006192F893E00DAF5EE /* NPUser.m */; };
		6B7BB00A192F8B5D00DAF5EE /* NPSecondViewController.m in Sources */ = {isa = PBXBuildFile; fileRef = 6B7BB009192F8B5D00DAF5EE /* NPSecondViewController.m */; };
		FA087B7E1941322500DD2935 /* splashScreen.png in Resources */ = {isa = PBXBuildFile; fileRef = FA087B7D1941322500DD2935 /* splashScreen.png */; };
		FA921977193E2D9B00BA9F62 /* pulpfiction.jpg in Resources */ = {isa = PBXBuildFile; fileRef = FA921976193E2D9B00BA9F62 /* pulpfiction.jpg */; };
		FA92197B193E333E00BA9F62 /* dikkenek.jpg in Resources */ = {isa = PBXBuildFile; fileRef = FA921978193E333E00BA9F62 /* dikkenek.jpg */; };
		FA92197C193E333E00BA9F62 /* her.jpg in Resources */ = {isa = PBXBuildFile; fileRef = FA921979193E333E00BA9F62 /* her.jpg */; };
		FA92197D193E333E00BA9F62 /* snatch.jpeg in Resources */ = {isa = PBXBuildFile; fileRef = FA92197A193E333E00BA9F62 /* snatch.jpeg */; };
		FA92197F193E38EB00BA9F62 /* LeSeigneurAnneaux.jpg in Resources */ = {isa = PBXBuildFile; fileRef = FA92197E193E38EB00BA9F62 /* LeSeigneurAnneaux.jpg */; };
		FACB26FC193E79A00030C4DD /* view.png in Resources */ = {isa = PBXBuildFile; fileRef = FACB26FB193E79A00030C4DD /* view.png */; };
		FACB26FE193E7BEC0030C4DD /* viewOff.png in Resources */ = {isa = PBXBuildFile; fileRef = FACB26FD193E7BEC0030C4DD /* viewOff.png */; };
		FACB2700193E828E0030C4DD /* backgroundTabView.png in Resources */ = {isa = PBXBuildFile; fileRef = FACB26FF193E828E0030C4DD /* backgroundTabView.png */; };
		FACB2704193FB4520030C4DD /* backgroundList.png in Resources */ = {isa = PBXBuildFile; fileRef = FACB2703193FB4520030C4DD /* backgroundList.png */; };
		FACB2708193FB9130030C4DD /* Montserrat-Bold.ttf in Resources */ = {isa = PBXBuildFile; fileRef = FACB2706193FB9130030C4DD /* Montserrat-Bold.ttf */; };
		FACB2709193FB9130030C4DD /* Montserrat-Regular.ttf in Resources */ = {isa = PBXBuildFile; fileRef = FACB2707193FB9130030C4DD /* Montserrat-Regular.ttf */; };
		FACB270C193FBFCD0030C4DD /* CustomFontMontserrat.m in Sources */ = {isa = PBXBuildFile; fileRef = FACB270B193FBFCD0030C4DD /* CustomFontMontserrat.m */; };
/* End PBXBuildFile section */

/* Begin PBXContainerItemProxy section */
		6B7BAFEB192F7A4200DAF5EE /* PBXContainerItemProxy */ = {
			isa = PBXContainerItemProxy;
			containerPortal = 6B7BAFBD192F7A4200DAF5EE /* Project object */;
			proxyType = 1;
			remoteGlobalIDString = 6B7BAFC4192F7A4200DAF5EE;
			remoteInfo = DemoStoryBoard;
		};
/* End PBXContainerItemProxy section */

/* Begin PBXFileReference section */
		6B7BAFC5192F7A4200DAF5EE /* DemoStoryBoard.app */ = {isa = PBXFileReference; explicitFileType = wrapper.application; includeInIndex = 0; path = DemoStoryBoard.app; sourceTree = BUILT_PRODUCTS_DIR; };
		6B7BAFC8192F7A4200DAF5EE /* Foundation.framework */ = {isa = PBXFileReference; lastKnownFileType = wrapper.framework; name = Foundation.framework; path = System/Library/Frameworks/Foundation.framework; sourceTree = SDKROOT; };
		6B7BAFCA192F7A4200DAF5EE /* CoreGraphics.framework */ = {isa = PBXFileReference; lastKnownFileType = wrapper.framework; name = CoreGraphics.framework; path = System/Library/Frameworks/CoreGraphics.framework; sourceTree = SDKROOT; };
		6B7BAFCC192F7A4200DAF5EE /* UIKit.framework */ = {isa = PBXFileReference; lastKnownFileType = wrapper.framework; name = UIKit.framework; path = System/Library/Frameworks/UIKit.framework; sourceTree = SDKROOT; };
		6B7BAFD0192F7A4200DAF5EE /* DemoStoryBoard-Info.plist */ = {isa = PBXFileReference; lastKnownFileType = text.plist.xml; path = "DemoStoryBoard-Info.plist"; sourceTree = "<group>"; };
		6B7BAFD2192F7A4200DAF5EE /* en */ = {isa = PBXFileReference; lastKnownFileType = text.plist.strings; name = en; path = en.lproj/InfoPlist.strings; sourceTree = "<group>"; };
		6B7BAFD4192F7A4200DAF5EE /* main.m */ = {isa = PBXFileReference; lastKnownFileType = sourcecode.c.objc; path = main.m; sourceTree = "<group>"; };
		6B7BAFD6192F7A4200DAF5EE /* DemoStoryBoard-Prefix.pch */ = {isa = PBXFileReference; lastKnownFileType = sourcecode.c.h; path = "DemoStoryBoard-Prefix.pch"; sourceTree = "<group>"; };
		6B7BAFD7192F7A4200DAF5EE /* NPAppDelegate.h */ = {isa = PBXFileReference; lastKnownFileType = sourcecode.c.h; path = NPAppDelegate.h; sourceTree = "<group>"; };
		6B7BAFD8192F7A4200DAF5EE /* NPAppDelegate.m */ = {isa = PBXFileReference; lastKnownFileType = sourcecode.c.objc; path = NPAppDelegate.m; sourceTree = "<group>"; };
		6B7BAFDB192F7A4200DAF5EE /* Base */ = {isa = PBXFileReference; lastKnownFileType = file.storyboard; name = Base; path = Base.lproj/Main.storyboard; sourceTree = "<group>"; };
		6B7BAFDD192F7A4200DAF5EE /* NPViewController.h */ = {isa = PBXFileReference; lastKnownFileType = sourcecode.c.h; path = NPViewController.h; sourceTree = "<group>"; };
		6B7BAFDE192F7A4200DAF5EE /* NPViewController.m */ = {isa = PBXFileReference; lastKnownFileType = sourcecode.c.objc; path = NPViewController.m; sourceTree = "<group>"; };
		6B7BAFE0192F7A4200DAF5EE /* Images.xcassets */ = {isa = PBXFileReference; lastKnownFileType = folder.assetcatalog; path = Images.xcassets; sourceTree = "<group>"; };
		6B7BAFE6192F7A4200DAF5EE /* DemoStoryBoardTests.xctest */ = {isa = PBXFileReference; explicitFileType = wrapper.cfbundle; includeInIndex = 0; path = DemoStoryBoardTests.xctest; sourceTree = BUILT_PRODUCTS_DIR; };
		6B7BAFE7192F7A4200DAF5EE /* XCTest.framework */ = {isa = PBXFileReference; lastKnownFileType = wrapper.framework; name = XCTest.framework; path = Library/Frameworks/XCTest.framework; sourceTree = DEVELOPER_DIR; };
		6B7BAFEF192F7A4200DAF5EE /* DemoStoryBoardTests-Info.plist */ = {isa = PBXFileReference; lastKnownFileType = text.plist.xml; path = "DemoStoryBoardTests-Info.plist"; sourceTree = "<group>"; };
		6B7BAFF1192F7A4200DAF5EE /* en */ = {isa = PBXFileReference; lastKnownFileType = text.plist.strings; name = en; path = en.lproj/InfoPlist.strings; sourceTree = "<group>"; };
		6B7BAFF3192F7A4200DAF5EE /* DemoStoryBoardTests.m */ = {isa = PBXFileReference; lastKnownFileType = sourcecode.c.objc; path = DemoStoryBoardTests.m; sourceTree = "<group>"; };
		6B7BAFFD192F806A00DAF5EE /* NPTableViewController.h */ = {isa = PBXFileReference; fileEncoding = 4; lastKnownFileType = sourcecode.c.h; path = NPTableViewController.h; sourceTree = "<group>"; };
		6B7BAFFE192F806A00DAF5EE /* NPTableViewController.m */ = {isa = PBXFileReference; fileEncoding = 4; lastKnownFileType = sourcecode.c.objc; path = NPTableViewController.m; sourceTree = "<group>"; };
		6B7BB005192F893E00DAF5EE /* NPUser.h */ = {isa = PBXFileReference; fileEncoding = 4; lastKnownFileType = sourcecode.c.h; path = NPUser.h; sourceTree = "<group>"; };
		6B7BB006192F893E00DAF5EE /* NPUser.m */ = {isa = PBXFileReference; fileEncoding = 4; lastKnownFileType = sourcecode.c.objc; path = NPUser.m; sourceTree = "<group>"; };
		6B7BB008192F8B5D00DAF5EE /* NPSecondViewController.h */ = {isa = PBXFileReference; fileEncoding = 4; lastKnownFileType = sourcecode.c.h; path = NPSecondViewController.h; sourceTree = "<group>"; };
		6B7BB009192F8B5D00DAF5EE /* NPSecondViewController.m */ = {isa = PBXFileReference; fileEncoding = 4; lastKnownFileType = sourcecode.c.objc; path = NPSecondViewController.m; sourceTree = "<group>"; };
		FA087B7D1941322500DD2935 /* splashScreen.png */ = {isa = PBXFileReference; lastKnownFileType = image.png; path = splashScreen.png; sourceTree = "<group>"; };
		FA921976193E2D9B00BA9F62 /* pulpfiction.jpg */ = {isa = PBXFileReference; lastKnownFileType = image.jpeg; path = pulpfiction.jpg; sourceTree = "<group>"; };
		FA921978193E333E00BA9F62 /* dikkenek.jpg */ = {isa = PBXFileReference; lastKnownFileType = image.jpeg; path = dikkenek.jpg; sourceTree = "<group>"; };
		FA921979193E333E00BA9F62 /* her.jpg */ = {isa = PBXFileReference; lastKnownFileType = image.jpeg; path = her.jpg; sourceTree = "<group>"; };
		FA92197A193E333E00BA9F62 /* snatch.jpeg */ = {isa = PBXFileReference; lastKnownFileType = image.jpeg; path = snatch.jpeg; sourceTree = "<group>"; };
		FA92197E193E38EB00BA9F62 /* LeSeigneurAnneaux.jpg */ = {isa = PBXFileReference; lastKnownFileType = image.jpeg; path = LeSeigneurAnneaux.jpg; sourceTree = "<group>"; };
		FACB26FB193E79A00030C4DD /* view.png */ = {isa = PBXFileReference; lastKnownFileType = image.png; path = view.png; sourceTree = "<group>"; };
		FACB26FD193E7BEC0030C4DD /* viewOff.png */ = {isa = PBXFileReference; lastKnownFileType = image.png; path = viewOff.png; sourceTree = "<group>"; };
		FACB26FF193E828E0030C4DD /* backgroundTabView.png */ = {isa = PBXFileReference; lastKnownFileType = image.png; path = backgroundTabView.png; sourceTree = "<group>"; };
		FACB2703193FB4520030C4DD /* backgroundList.png */ = {isa = PBXFileReference; lastKnownFileType = image.png; path = backgroundList.png; sourceTree = "<group>"; };
		FACB2706193FB9130030C4DD /* Montserrat-Bold.ttf */ = {isa = PBXFileReference; lastKnownFileType = file; path = "Montserrat-Bold.ttf"; sourceTree = "<group>"; };
		FACB2707193FB9130030C4DD /* Montserrat-Regular.ttf */ = {isa = PBXFileReference; lastKnownFileType = file; path = "Montserrat-Regular.ttf"; sourceTree = "<group>"; };
		FACB270A193FBFCD0030C4DD /* CustomFontMontserrat.h */ = {isa = PBXFileReference; fileEncoding = 4; lastKnownFileType = sourcecode.c.h; path = CustomFontMontserrat.h; sourceTree = "<group>"; };
		FACB270B193FBFCD0030C4DD /* CustomFontMontserrat.m */ = {isa = PBXFileReference; fileEncoding = 4; lastKnownFileType = sourcecode.c.objc; path = CustomFontMontserrat.m; sourceTree = "<group>"; };
/* End PBXFileReference section */

/* Begin PBXFrameworksBuildPhase section */
		6B7BAFC2192F7A4200DAF5EE /* Frameworks */ = {
			isa = PBXFrameworksBuildPhase;
			buildActionMask = 2147483647;
			files = (
				6B7BAFCB192F7A4200DAF5EE /* CoreGraphics.framework in Frameworks */,
				6B7BAFCD192F7A4200DAF5EE /* UIKit.framework in Frameworks */,
				6B7BAFC9192F7A4200DAF5EE /* Foundation.framework in Frameworks */,
			);
			runOnlyForDeploymentPostprocessing = 0;
		};
		6B7BAFE3192F7A4200DAF5EE /* Frameworks */ = {
			isa = PBXFrameworksBuildPhase;
			buildActionMask = 2147483647;
			files = (
				6B7BAFE8192F7A4200DAF5EE /* XCTest.framework in Frameworks */,
				6B7BAFEA192F7A4200DAF5EE /* UIKit.framework in Frameworks */,
				6B7BAFE9192F7A4200DAF5EE /* Foundation.framework in Frameworks */,
			);
			runOnlyForDeploymentPostprocessing = 0;
		};
/* End PBXFrameworksBuildPhase section */

/* Begin PBXGroup section */
		6B7BAFBC192F7A4200DAF5EE = {
			isa = PBXGroup;
			children = (
				6B7BAFCE192F7A4200DAF5EE /* DemoStoryBoard */,
				6B7BAFED192F7A4200DAF5EE /* DemoStoryBoardTests */,
				6B7BAFC7192F7A4200DAF5EE /* Frameworks */,
				6B7BAFC6192F7A4200DAF5EE /* Products */,
			);
			sourceTree = "<group>";
		};
		6B7BAFC6192F7A4200DAF5EE /* Products */ = {
			isa = PBXGroup;
			children = (
				6B7BAFC5192F7A4200DAF5EE /* DemoStoryBoard.app */,
				6B7BAFE6192F7A4200DAF5EE /* DemoStoryBoardTests.xctest */,
			);
			name = Products;
			sourceTree = "<group>";
		};
		6B7BAFC7192F7A4200DAF5EE /* Frameworks */ = {
			isa = PBXGroup;
			children = (
				6B7BAFC8192F7A4200DAF5EE /* Foundation.framework */,
				6B7BAFCA192F7A4200DAF5EE /* CoreGraphics.framework */,
				6B7BAFCC192F7A4200DAF5EE /* UIKit.framework */,
				6B7BAFE7192F7A4200DAF5EE /* XCTest.framework */,
			);
			name = Frameworks;
			sourceTree = "<group>";
		};
		6B7BAFCE192F7A4200DAF5EE /* DemoStoryBoard */ = {
			isa = PBXGroup;
			children = (
				FA921978193E333E00BA9F62 /* dikkenek.jpg */,
				FA087B7D1941322500DD2935 /* splashScreen.png */,
				FA921979193E333E00BA9F62 /* her.jpg */,
				FA92197E193E38EB00BA9F62 /* LeSeigneurAnneaux.jpg */,
				FACB26FD193E7BEC0030C4DD /* viewOff.png */,
				FACB26FF193E828E0030C4DD /* backgroundTabView.png */,
				FACB2703193FB4520030C4DD /* backgroundList.png */,
				FACB26FB193E79A00030C4DD /* view.png */,
				FA92197A193E333E00BA9F62 /* snatch.jpeg */,
				FA921976193E2D9B00BA9F62 /* pulpfiction.jpg */,
				FACB2705193FB9130030C4DD /* ressource */,
				6B7BAFD7192F7A4200DAF5EE /* NPAppDelegate.h */,
				6B7BAFD8192F7A4200DAF5EE /* NPAppDelegate.m */,
				6B7BAFDA192F7A4200DAF5EE /* Main.storyboard */,
				6B7BAFDD192F7A4200DAF5EE /* NPViewController.h */,
				6B7BAFDE192F7A4200DAF5EE /* NPViewController.m */,
				6B7BAFCF192F7A4200DAF5EE /* Supporting Files */,
				6B7BAFFD192F806A00DAF5EE /* NPTableViewController.h */,
				6B7BAFFE192F806A00DAF5EE /* NPTableViewController.m */,
				6B7BB005192F893E00DAF5EE /* NPUser.h */,
				6B7BB006192F893E00DAF5EE /* NPUser.m */,
				6B7BB008192F8B5D00DAF5EE /* NPSecondViewController.h */,
				6B7BB009192F8B5D00DAF5EE /* NPSecondViewController.m */,
			);
			path = DemoStoryBoard;
			sourceTree = "<group>";
		};
		6B7BAFCF192F7A4200DAF5EE /* Supporting Files */ = {
			isa = PBXGroup;
			children = (
				6B7BAFE0192F7A4200DAF5EE /* Images.xcassets */,
				6B7BAFD0192F7A4200DAF5EE /* DemoStoryBoard-Info.plist */,
				6B7BAFD1192F7A4200DAF5EE /* InfoPlist.strings */,
				6B7BAFD4192F7A4200DAF5EE /* main.m */,
				6B7BAFD6192F7A4200DAF5EE /* DemoStoryBoard-Prefix.pch */,
			);
			name = "Supporting Files";
			sourceTree = "<group>";
		};
		6B7BAFED192F7A4200DAF5EE /* DemoStoryBoardTests */ = {
			isa = PBXGroup;
			children = (
				6B7BAFF3192F7A4200DAF5EE /* DemoStoryBoardTests.m */,
				6B7BAFEE192F7A4200DAF5EE /* Supporting Files */,
			);
			path = DemoStoryBoardTests;
			sourceTree = "<group>";
		};
		6B7BAFEE192F7A4200DAF5EE /* Supporting Files */ = {
			isa = PBXGroup;
			children = (
				6B7BAFEF192F7A4200DAF5EE /* DemoStoryBoardTests-Info.plist */,
				6B7BAFF0192F7A4200DAF5EE /* InfoPlist.strings */,
			);
			name = "Supporting Files";
			sourceTree = "<group>";
		};
		FACB2705193FB9130030C4DD /* ressource */ = {
			isa = PBXGroup;
			children = (
				FACB2706193FB9130030C4DD /* Montserrat-Bold.ttf */,
				FACB2707193FB9130030C4DD /* Montserrat-Regular.ttf */,
				FACB270A193FBFCD0030C4DD /* CustomFontMontserrat.h */,
				FACB270B193FBFCD0030C4DD /* CustomFontMontserrat.m */,
			);
			path = ressource;
			sourceTree = "<group>";
		};
/* End PBXGroup section */

/* Begin PBXNativeTarget section */
		6B7BAFC4192F7A4200DAF5EE /* DemoStoryBoard */ = {
			isa = PBXNativeTarget;
			buildConfigurationList = 6B7BAFF7192F7A4200DAF5EE /* Build configuration list for PBXNativeTarget "DemoStoryBoard" */;
			buildPhases = (
				6B7BAFC1192F7A4200DAF5EE /* Sources */,
				6B7BAFC2192F7A4200DAF5EE /* Frameworks */,
				6B7BAFC3192F7A4200DAF5EE /* Resources */,
			);
			buildRules = (
			);
			dependencies = (
			);
			name = DemoStoryBoard;
			productName = DemoStoryBoard;
			productReference = 6B7BAFC5192F7A4200DAF5EE /* DemoStoryBoard.app */;
			productType = "com.apple.product-type.application";
		};
		6B7BAFE5192F7A4200DAF5EE /* DemoStoryBoardTests */ = {
			isa = PBXNativeTarget;
			buildConfigurationList = 6B7BAFFA192F7A4200DAF5EE /* Build configuration list for PBXNativeTarget "DemoStoryBoardTests" */;
			buildPhases = (
				6B7BAFE2192F7A4200DAF5EE /* Sources */,
				6B7BAFE3192F7A4200DAF5EE /* Frameworks */,
				6B7BAFE4192F7A4200DAF5EE /* Resources */,
			);
			buildRules = (
			);
			dependencies = (
				6B7BAFEC192F7A4200DAF5EE /* PBXTargetDependency */,
			);
			name = DemoStoryBoardTests;
			productName = DemoStoryBoardTests;
			productReference = 6B7BAFE6192F7A4200DAF5EE /* DemoStoryBoardTests.xctest */;
			productType = "com.apple.product-type.bundle.unit-test";
		};
/* End PBXNativeTarget section */

/* Begin PBXProject section */
		6B7BAFBD192F7A4200DAF5EE /* Project object */ = {
			isa = PBXProject;
			attributes = {
				CLASSPREFIX = NP;
				LastUpgradeCheck = 0510;
				ORGANIZATIONNAME = NEOPIXL;
				TargetAttributes = {
					6B7BAFE5192F7A4200DAF5EE = {
						TestTargetID = 6B7BAFC4192F7A4200DAF5EE;
					};
				};
			};
			buildConfigurationList = 6B7BAFC0192F7A4200DAF5EE /* Build configuration list for PBXProject "DemoStoryBoard" */;
			compatibilityVersion = "Xcode 3.2";
			developmentRegion = English;
			hasScannedForEncodings = 0;
			knownRegions = (
				en,
				Base,
			);
			mainGroup = 6B7BAFBC192F7A4200DAF5EE;
			productRefGroup = 6B7BAFC6192F7A4200DAF5EE /* Products */;
			projectDirPath = "";
			projectRoot = "";
			targets = (
				6B7BAFC4192F7A4200DAF5EE /* DemoStoryBoard */,
				6B7BAFE5192F7A4200DAF5EE /* DemoStoryBoardTests */,
			);
		};
/* End PBXProject section */

/* Begin PBXResourcesBuildPhase section */
		6B7BAFC3192F7A4200DAF5EE /* Resources */ = {
			isa = PBXResourcesBuildPhase;
			buildActionMask = 2147483647;
			files = (
				FACB2700193E828E0030C4DD /* backgroundTabView.png in Resources */,
				FA92197D193E333E00BA9F62 /* snatch.jpeg in Resources */,
				6B7BAFE1192F7A4200DAF5EE /* Images.xcassets in Resources */,
				FA087B7E1941322500DD2935 /* splashScreen.png in Resources */,
				FACB2709193FB9130030C4DD /* Montserrat-Regular.ttf in Resources */,
				FA92197B193E333E00BA9F62 /* dikkenek.jpg in Resources */,
				FACB2704193FB4520030C4DD /* backgroundList.png in Resources */,
				FA92197F193E38EB00BA9F62 /* LeSeigneurAnneaux.jpg in Resources */,
				FACB2708193FB9130030C4DD /* Montserrat-Bold.ttf in Resources */,
				FA92197C193E333E00BA9F62 /* her.jpg in Resources */,
				FA921977193E2D9B00BA9F62 /* pulpfiction.jpg in Resources */,
				FACB26FC193E79A00030C4DD /* view.png in Resources */,
				6B7BAFD3192F7A4200DAF5EE /* InfoPlist.strings in Resources */,
				6B7BAFDC192F7A4200DAF5EE /* Main.storyboard in Resources */,
				FACB26FE193E7BEC0030C4DD /* viewOff.png in Resources */,
			);
			runOnlyForDeploymentPostprocessing = 0;
		};
		6B7BAFE4192F7A4200DAF5EE /* Resources */ = {
			isa = PBXResourcesBuildPhase;
			buildActionMask = 2147483647;
			files = (
				6B7BAFF2192F7A4200DAF5EE /* InfoPlist.strings in Resources */,
			);
			runOnlyForDeploymentPostprocessing = 0;
		};
/* End PBXResourcesBuildPhase section */

/* Begin PBXSourcesBuildPhase section */
		6B7BAFC1192F7A4200DAF5EE /* Sources */ = {
			isa = PBXSourcesBuildPhase;
			buildActionMask = 2147483647;
			files = (
				FACB270C193FBFCD0030C4DD /* CustomFontMontserrat.m in Sources */,
				6B7BAFDF192F7A4200DAF5EE /* NPViewController.m in Sources */,
				6B7BAFD9192F7A4200DAF5EE /* NPAppDelegate.m in Sources */,
				6B7BB00A192F8B5D00DAF5EE /* NPSecondViewController.m in Sources */,
				6B7BAFD5192F7A4200DAF5EE /* main.m in Sources */,
				6B7BAFFF192F806A00DAF5EE /* NPTableViewController.m in Sources */,
				6B7BB007192F893E00DAF5EE /* NPUser.m in Sources */,
			);
			runOnlyForDeploymentPostprocessing = 0;
		};
		6B7BAFE2192F7A4200DAF5EE /* Sources */ = {
			isa = PBXSourcesBuildPhase;
			buildActionMask = 2147483647;
			files = (
				6B7BAFF4192F7A4200DAF5EE /* DemoStoryBoardTests.m in Sources */,
			);
			runOnlyForDeploymentPostprocessing = 0;
		};
/* End PBXSourcesBuildPhase section */

/* Begin PBXTargetDependency section */
		6B7BAFEC192F7A4200DAF5EE /* PBXTargetDependency */ = {
			isa = PBXTargetDependency;
			target = 6B7BAFC4192F7A4200DAF5EE /* DemoStoryBoard */;
			targetProxy = 6B7BAFEB192F7A4200DAF5EE /* PBXContainerItemProxy */;
		};
/* End PBXTargetDependency section */

/* Begin PBXVariantGroup section */
		6B7BAFD1192F7A4200DAF5EE /* InfoPlist.strings */ = {
			isa = PBXVariantGroup;
			children = (
				6B7BAFD2192F7A4200DAF5EE /* en */,
			);
			name = InfoPlist.strings;
			sourceTree = "<group>";
		};
		6B7BAFDA192F7A4200DAF5EE /* Main.storyboard */ = {
			isa = PBXVariantGroup;
			children = (
				6B7BAFDB192F7A4200DAF5EE /* Base */,
			);
			name = Main.storyboard;
			sourceTree = "<group>";
		};
		6B7BAFF0192F7A4200DAF5EE /* InfoPlist.strings */ = {
			isa = PBXVariantGroup;
			children = (
				6B7BAFF1192F7A4200DAF5EE /* en */,
			);
			name = InfoPlist.strings;
			sourceTree = "<group>";
		};
/* End PBXVariantGroup section */

/* Begin XCBuildConfiguration section */
		6B7BAFF5192F7A4200DAF5EE /* Debug */ = {
			isa = XCBuildConfiguration;
			buildSettings = {
				ALWAYS_SEARCH_USER_PATHS = NO;
				CLANG_CXX_LANGUAGE_STANDARD = "gnu++0x";
				CLANG_CXX_LIBRARY = "libc++";
				CLANG_ENABLE_MODULES = YES;
				CLANG_ENABLE_OBJC_ARC = YES;
				CLANG_WARN_BOOL_CONVERSION = YES;
				CLANG_WARN_CONSTANT_CONVERSION = YES;
				CLANG_WARN_DIRECT_OBJC_ISA_USAGE = YES_ERROR;
				CLANG_WARN_EMPTY_BODY = YES;
				CLANG_WARN_ENUM_CONVERSION = YES;
				CLANG_WARN_INT_CONVERSION = YES;
				CLANG_WARN_OBJC_ROOT_CLASS = YES_ERROR;
				CLANG_WARN__DUPLICATE_METHOD_MATCH = YES;
				"CODE_SIGN_IDENTITY[sdk=iphoneos*]" = "iPhone Developer";
				COPY_PHASE_STRIP = NO;
				GCC_C_LANGUAGE_STANDARD = gnu99;
				GCC_DYNAMIC_NO_PIC = NO;
				GCC_OPTIMIZATION_LEVEL = 0;
				GCC_PREPROCESSOR_DEFINITIONS = (
					"DEBUG=1",
					"$(inherited)",
				);
				GCC_SYMBOLS_PRIVATE_EXTERN = NO;
				GCC_WARN_64_TO_32_BIT_CONVERSION = YES;
				GCC_WARN_ABOUT_RETURN_TYPE = YES_ERROR;
				GCC_WARN_UNDECLARED_SELECTOR = YES;
				GCC_WARN_UNINITIALIZED_AUTOS = YES_AGGRESSIVE;
				GCC_WARN_UNUSED_FUNCTION = YES;
				GCC_WARN_UNUSED_VARIABLE = YES;
				IPHONEOS_DEPLOYMENT_TARGET = 7.1;
				ONLY_ACTIVE_ARCH = YES;
				SDKROOT = iphoneos;
			};
			name = Debug;
		};
		6B7BAFF6192F7A4200DAF5EE /* Release */ = {
			isa = XCBuildConfiguration;
			buildSettings = {
				ALWAYS_SEARCH_USER_PATHS = NO;
				CLANG_CXX_LANGUAGE_STANDARD = "gnu++0x";
				CLANG_CXX_LIBRARY = "libc++";
				CLANG_ENABLE_MODULES = YES;
				CLANG_ENABLE_OBJC_ARC = YES;
				CLANG_WARN_BOOL_CONVERSION = YES;
				CLANG_WARN_CONSTANT_CONVERSION = YES;
				CLANG_WARN_DIRECT_OBJC_ISA_USAGE = YES_ERROR;
				CLANG_WARN_EMPTY_BODY = YES;
				CLANG_WARN_ENUM_CONVERSION = YES;
				CLANG_WARN_INT_CONVERSION = YES;
				CLANG_WARN_OBJC_ROOT_CLASS = YES_ERROR;
				CLANG_WARN__DUPLICATE_METHOD_MATCH = YES;
				"CODE_SIGN_IDENTITY[sdk=iphoneos*]" = "iPhone Developer";
				COPY_PHASE_STRIP = YES;
				ENABLE_NS_ASSERTIONS = NO;
				GCC_C_LANGUAGE_STANDARD = gnu99;
				GCC_WARN_64_TO_32_BIT_CONVERSION = YES;
				GCC_WARN_ABOUT_RETURN_TYPE = YES_ERROR;
				GCC_WARN_UNDECLARED_SELECTOR = YES;
				GCC_WARN_UNINITIALIZED_AUTOS = YES_AGGRESSIVE;
				GCC_WARN_UNUSED_FUNCTION = YES;
				GCC_WARN_UNUSED_VARIABLE = YES;
				IPHONEOS_DEPLOYMENT_TARGET = 7.1;
				SDKROOT = iphoneos;
				VALIDATE_PRODUCT = YES;
			};
			name = Release;
		};
		6B7BAFF8192F7A4200DAF5EE /* Debug */ = {
			isa = XCBuildConfiguration;
			buildSettings = {
				ASSETCATALOG_COMPILER_APPICON_NAME = AppIcon;
				ASSETCATALOG_COMPILER_LAUNCHIMAGE_NAME = LaunchImage;
				GCC_PRECOMPILE_PREFIX_HEADER = YES;
				GCC_PREFIX_HEADER = "DemoStoryBoard/DemoStoryBoard-Prefix.pch";
				INFOPLIST_FILE = "DemoStoryBoard/DemoStoryBoard-Info.plist";
				PRODUCT_NAME = "$(TARGET_NAME)";
				WRAPPER_EXTENSION = app;
			};
			name = Debug;
		};
		6B7BAFF9192F7A4200DAF5EE /* Release */ = {
			isa = XCBuildConfiguration;
			buildSettings = {
				ASSETCATALOG_COMPILER_APPICON_NAME = AppIcon;
				ASSETCATALOG_COMPILER_LAUNCHIMAGE_NAME = LaunchImage;
				GCC_PRECOMPILE_PREFIX_HEADER = YES;
				GCC_PREFIX_HEADER = "DemoStoryBoard/DemoStoryBoard-Prefix.pch";
				INFOPLIST_FILE = "DemoStoryBoard/DemoStoryBoard-Info.plist";
				PRODUCT_NAME = "$(TARGET_NAME)";
				WRAPPER_EXTENSION = app;
			};
			name = Release;
		};
		6B7BAFFB192F7A4200DAF5EE /* Debug */ = {
			isa = XCBuildConfiguration;
			buildSettings = {
				BUNDLE_LOADER = "$(BUILT_PRODUCTS_DIR)/DemoStoryBoard.app/DemoStoryBoard";
				FRAMEWORK_SEARCH_PATHS = (
					"$(SDKROOT)/Developer/Library/Frameworks",
					"$(inherited)",
					"$(DEVELOPER_FRAMEWORKS_DIR)",
				);
				GCC_PRECOMPILE_PREFIX_HEADER = YES;
				GCC_PREFIX_HEADER = "DemoStoryBoard/DemoStoryBoard-Prefix.pch";
				GCC_PREPROCESSOR_DEFINITIONS = (
					"DEBUG=1",
					"$(inherited)",
				);
				INFOPLIST_FILE = "DemoStoryBoardTests/DemoStoryBoardTests-Info.plist";
				PRODUCT_NAME = "$(TARGET_NAME)";
				TEST_HOST = "$(BUNDLE_LOADER)";
				WRAPPER_EXTENSION = xctest;
			};
			name = Debug;
		};
		6B7BAFFC192F7A4200DAF5EE /* Release */ = {
			isa = XCBuildConfiguration;
			buildSettings = {
				BUNDLE_LOADER = "$(BUILT_PRODUCTS_DIR)/DemoStoryBoard.app/DemoStoryBoard";
				FRAMEWORK_SEARCH_PATHS = (
					"$(SDKROOT)/Developer/Library/Frameworks",
					"$(inherited)",
					"$(DEVELOPER_FRAMEWORKS_DIR)",
				);
				GCC_PRECOMPILE_PREFIX_HEADER = YES;
				GCC_PREFIX_HEADER = "DemoStoryBoard/DemoStoryBoard-Prefix.pch";
				INFOPLIST_FILE = "DemoStoryBoardTests/DemoStoryBoardTests-Info.plist";
				PRODUCT_NAME = "$(TARGET_NAME)";
				TEST_HOST = "$(BUNDLE_LOADER)";
				WRAPPER_EXTENSION = xctest;
			};
			name = Release;
		};
/* End XCBuildConfiguration section */

/* Begin XCConfigurationList section */
		6B7BAFC0192F7A4200DAF5EE /* Build configuration list for PBXProject "DemoStoryBoard" */ = {
			isa = XCConfigurationList;
			buildConfigurations = (
				6B7BAFF5192F7A4200DAF5EE /* Debug */,
				6B7BAFF6192F7A4200DAF5EE /* Release */,
			);
			defaultConfigurationIsVisible = 0;
			defaultConfigurationName = Release;
		};
		6B7BAFF7192F7A4200DAF5EE /* Build configuration list for PBXNativeTarget "DemoStoryBoard" */ = {
			isa = XCConfigurationList;
			buildConfigurations = (
				6B7BAFF8192F7A4200DAF5EE /* Debug */,
				6B7BAFF9192F7A4200DAF5EE /* Release */,
			);
			defaultConfigurationIsVisible = 0;
			defaultConfigurationName = Release;
		};
		6B7BAFFA192F7A4200DAF5EE /* Build configuration list for PBXNativeTarget "DemoStoryBoardTests" */ = {
			isa = XCConfigurationList;
			buildConfigurations = (
				6B7BAFFB192F7A4200DAF5EE /* Debug */,
				6B7BAFFC192F7A4200DAF5EE /* Release */,
			);
			defaultConfigurationIsVisible = 0;
			defaultConfigurationName = Release;
		};
/* End XCConfigurationList section */
	};
	rootObject = 6B7BAFBD192F7A4200DAF5EE /* Project object */;
}
